<?xml version="1.0" encoding="utf-8"?>
<Project ToolsVersion="4.0" xmlns="http://schemas.microsoft.com/developer/msbuild/2003">
  <ItemGroup>
    <Filter Include="Boilerplate">
      <UniqueIdentifier>{156c189c-9ea4-4445-a4ec-bbe427ecfe5b}</UniqueIdentifier>
    </Filter>
  </ItemGroup>
  <ItemGroup>
    <Manifest Include="Micropolygons_Software.manifest">
      <Filter>Boilerplate</Filter>
    </Manifest>
  </ItemGroup>
  <ItemGroup>
    <ResourceCompile Include="Micropolygons_Software.rc">
      <Filter>Boilerplate</Filter>
    </ResourceCompile>
  </ItemGroup>
  <ItemGroup>
    <ClInclude Include="Resource.h">
      <Filter>Boilerplate</Filter>
    </ClInclude>
    <ClInclude Include="stdafx.h">
      <Filter>Boilerplate</Filter>
    </ClInclude>
    <ClInclude Include="cSoftwareRasterizer.h" />
  </ItemGroup>
  <ItemGroup>
    <ClCompile Include="stdafx.cpp">
      <Filter>Boilerplate</Filter>
    </ClCompile>
    <ClCompile Include="cSoftwareRasterizer.cpp" />
    <ClCompile Include="Micropolygons_Software.cpp" />
  </ItemGroup>
</Project>